
Microsoft Visual Studio Solution File, Format Version 12.00
# Visual Studio Version 17
VisualStudioVersion = 17.11.35431.28
MinimumVisualStudioVersion = 10.0.40219.1
Project("{9A19103F-16F7-4668-BE54-9A1E7A4F7556}") = "Jobify.BL", "Jobify.BL\Jobify.BL.csproj", "{81FA9F61-0BAE-4716-8129-113185904498}"
EndProject
Project("{9A19103F-16F7-4668-BE54-9A1E7A4F7556}") = "Jobify.Api", "Jobify.Api\Jobify.Api.csproj", "{A4745E1B-6FFC-467A-9BFC-1B54A558D629}"
EndProject
Project("{9A19103F-16F7-4668-BE54-9A1E7A4F7556}") = "Jobify", "Jobify\Jobify\Jobify.csproj", "{6B11B84C-9121-478D-8A13-590B7FD03C0E}"
EndProject
Project("{9A19103F-16F7-4668-BE54-9A1E7A4F7556}") = "Jobify.Client", "Jobify\Jobify.Client\Jobify.Client.csproj", "{0FE925E0-1458-4D86-A673-355BEE29B25D}"
EndProject
Project("{FAE04EC0-301F-11D3-BF4B-00C04F79EFBC}") = "Jobify.Web", "Jobify.Web\Jobify.Web.csproj", "{E2138D86-332D-498A-966E-3ACCB0CDB541}"
EndProject
Global
	GlobalSection(SolutionConfigurationPlatforms) = preSolution
		Debug|Any CPU = Debug|Any CPU
		Release|Any CPU = Release|Any CPU
	EndGlobalSection
	GlobalSection(ProjectConfigurationPlatforms) = postSolution
		{81FA9F61-0BAE-4716-8129-113185904498}.Debug|Any CPU.ActiveCfg = Debug|Any CPU
		{81FA9F61-0BAE-4716-8129-113185904498}.Debug|Any CPU.Build.0 = Debug|Any CPU
		{81FA9F61-0BAE-4716-8129-113185904498}.Release|Any CPU.ActiveCfg = Release|Any CPU
		{81FA9F61-0BAE-4716-8129-113185904498}.Release|Any CPU.Build.0 = Release|Any CPU
		{A4745E1B-6FFC-467A-9BFC-1B54A558D629}.Debug|Any CPU.ActiveCfg = Debug|Any CPU
		{A4745E1B-6FFC-467A-9BFC-1B54A558D629}.Debug|Any CPU.Build.0 = Debug|Any CPU
		{A4745E1B-6FFC-467A-9BFC-1B54A558D629}.Release|Any CPU.ActiveCfg = Release|Any CPU
		{A4745E1B-6FFC-467A-9BFC-1B54A558D629}.Release|Any CPU.Build.0 = Release|Any CPU
		{6B11B84C-9121-478D-8A13-590B7FD03C0E}.Debug|Any CPU.ActiveCfg = Debug|Any CPU
		{6B11B84C-9121-478D-8A13-590B7FD03C0E}.Debug|Any CPU.Build.0 = Debug|Any CPU
		{6B11B84C-9121-478D-8A13-590B7FD03C0E}.Release|Any CPU.ActiveCfg = Release|Any CPU
		{6B11B84C-9121-478D-8A13-590B7FD03C0E}.Release|Any CPU.Build.0 = Release|Any CPU
		{0FE925E0-1458-4D86-A673-355BEE29B25D}.Debug|Any CPU.ActiveCfg = Debug|Any CPU
		{0FE925E0-1458-4D86-A673-355BEE29B25D}.Debug|Any CPU.Build.0 = Debug|Any CPU
		{0FE925E0-1458-4D86-A673-355BEE29B25D}.Release|Any CPU.ActiveCfg = Release|Any CPU
		{0FE925E0-1458-4D86-A673-355BEE29B25D}.Release|Any CPU.Build.0 = Release|Any CPU
		{E2138D86-332D-498A-966E-3ACCB0CDB541}.Debug|Any CPU.ActiveCfg = Debug|Any CPU
		{E2138D86-332D-498A-966E-3ACCB0CDB541}.Debug|Any CPU.Build.0 = Debug|Any CPU
		{E2138D86-332D-498A-966E-3ACCB0CDB541}.Release|Any CPU.ActiveCfg = Release|Any CPU
		{E2138D86-332D-498A-966E-3ACCB0CDB541}.Release|Any CPU.Build.0 = Release|Any CPU
	EndGlobalSection
	GlobalSection(SolutionProperties) = preSolution
		HideSolutionNode = FALSE
	EndGlobalSection
	GlobalSection(ExtensibilityGlobals) = postSolution
		SolutionGuid = {64D3F8BF-0984-441D-80FE-7E6657955D5D}
	EndGlobalSection
EndGlobal
