
Microsoft Visual Studio Solution File, Format Version 12.00
# Visual Studio Version 17
VisualStudioVersion = 17.11.35303.130
MinimumVisualStudioVersion = 10.0.40219.1
Project("{FAE04EC0-301F-11D3-BF4B-00C04F79EFBC}") = "Jobify.BL", "Jobify.BL\Jobify.BL.csproj", "{81FA9F61-0BAE-4716-8129-113185904498}"
EndProject
Project("{FAE04EC0-301F-11D3-BF4B-00C04F79EFBC}") = "Jobify.Api", "Jobify.Api\Jobify.Api.csproj", "{A4745E1B-6FFC-467A-9BFC-1B54A558D629}"
EndProject
Global
	GlobalSection(SolutionConfigurationPlatforms) = preSolution
		Debug|Any CPU = Debug|Any CPU
		Release|Any CPU = Release|Any CPU
	EndGlobalSection
	GlobalSection(ProjectConfigurationPlatforms) = postSolution
		{81FA9F61-0BAE-4716-8129-113185904498}.Debug|Any CPU.ActiveCfg = Debug|Any CPU
		{81FA9F61-0BAE-4716-8129-113185904498}.Debug|Any CPU.Build.0 = Debug|Any CPU
		{81FA9F61-0BAE-4716-8129-113185904498}.Release|Any CPU.ActiveCfg = Release|Any CPU
		{81FA9F61-0BAE-4716-8129-113185904498}.Release|Any CPU.Build.0 = Release|Any CPU
		{A4745E1B-6FFC-467A-9BFC-1B54A558D629}.Debug|Any CPU.ActiveCfg = Debug|Any CPU
		{A4745E1B-6FFC-467A-9BFC-1B54A558D629}.Debug|Any CPU.Build.0 = Debug|Any CPU
		{A4745E1B-6FFC-467A-9BFC-1B54A558D629}.Release|Any CPU.ActiveCfg = Release|Any CPU
		{A4745E1B-6FFC-467A-9BFC-1B54A558D629}.Release|Any CPU.Build.0 = Release|Any CPU
	EndGlobalSection
	GlobalSection(SolutionProperties) = preSolution
		HideSolutionNode = FALSE
	EndGlobalSection
	GlobalSection(ExtensibilityGlobals) = postSolution
		SolutionGuid = {33667E55-93D6-4034-9118-266368B77ED9}
	EndGlobalSection
EndGlobal
